
Microsoft Visual Studio Solution File, Format Version 12.00
# Visual Studio Version 17
VisualStudioVersion = 17.14.36310.24
MinimumVisualStudioVersion = 10.0.40219.1
Project("{FAE04EC0-301F-11D3-BF4B-00C04F79EFBC}") = "CloudflareTunnelBindApp", "CloudflareTunnelClientApp\CloudflareTunnelBindApp.csproj", "{2B75DC3A-5E59-4558-B62F-18F594B0B9D6}"
EndProject
Project("{54435603-DBB4-11D2-8724-00A0C9A8B90C}") = "CloudflareTunnelBindAppSetup", "CloudflareTunnelBindAppSetup\CloudflareTunnelBindAppSetup.vdproj", "{A880E201-C14F-7E02-7069-D3B28D7BC61A}"
EndProject
Global
	GlobalSection(SolutionConfigurationPlatforms) = preSolution
		Debug|Any CPU = Debug|Any CPU
		Release|Any CPU = Release|Any CPU
	EndGlobalSection
	GlobalSection(ProjectConfigurationPlatforms) = postSolution
		{2B75DC3A-5E59-4558-B62F-18F594B0B9D6}.Debug|Any CPU.ActiveCfg = Release|Any CPU
		{2B75DC3A-5E59-4558-B62F-18F594B0B9D6}.Debug|Any CPU.Build.0 = Release|Any CPU
		{2B75DC3A-5E59-4558-B62F-18F594B0B9D6}.Release|Any CPU.ActiveCfg = Release|Any CPU
		{2B75DC3A-5E59-4558-B62F-18F594B0B9D6}.Release|Any CPU.Build.0 = Release|Any CPU
		{A880E201-C14F-7E02-7069-D3B28D7BC61A}.Debug|Any CPU.ActiveCfg = Debug
		{A880E201-C14F-7E02-7069-D3B28D7BC61A}.Release|Any CPU.ActiveCfg = Release
	EndGlobalSection
	GlobalSection(SolutionProperties) = preSolution
		HideSolutionNode = FALSE
	EndGlobalSection
	GlobalSection(ExtensibilityGlobals) = postSolution
		SolutionGuid = {D8CC2C20-705C-48E5-A21D-53A68AEF5CBF}
	EndGlobalSection
EndGlobal
